// !$*UTF8*$!
{
	archiveVersion = 1;
	classes = {
	};
	objectVersion = 46;
	objects = {

/* Begin PBXBuildFile section */
		A94CAE581F209750005B7E1D /* ItemNest.swift in Sources */ = {isa = PBXBuildFile; fileRef = A94CAE571F209750005B7E1D /* ItemNest.swift */; };
		A988C13E1F1F315D007A1F62 /* AppDelegate.swift in Sources */ = {isa = PBXBuildFile; fileRef = A988C13D1F1F315D007A1F62 /* AppDelegate.swift */; };
		A988C1401F1F315D007A1F62 /* ViewController.swift in Sources */ = {isa = PBXBuildFile; fileRef = A988C13F1F1F315D007A1F62 /* ViewController.swift */; };
		A988C1431F1F315D007A1F62 /* Main.storyboard in Resources */ = {isa = PBXBuildFile; fileRef = A988C1411F1F315D007A1F62 /* Main.storyboard */; };
		A988C1451F1F315D007A1F62 /* Assets.xcassets in Resources */ = {isa = PBXBuildFile; fileRef = A988C1441F1F315D007A1F62 /* Assets.xcassets */; };
		A988C1481F1F315D007A1F62 /* LaunchScreen.storyboard in Resources */ = {isa = PBXBuildFile; fileRef = A988C1461F1F315D007A1F62 /* LaunchScreen.storyboard */; };
		A988C1531F1F315D007A1F62 /* ChecklistTests.swift in Sources */ = {isa = PBXBuildFile; fileRef = A988C1521F1F315D007A1F62 /* ChecklistTests.swift */; };
		A988C1601F1F35FC007A1F62 /* MainTableViewController.swift in Sources */ = {isa = PBXBuildFile; fileRef = A988C15F1F1F35FC007A1F62 /* MainTableViewController.swift */; };
		A988C1641F1F3955007A1F62 /* ItemTableViewCell.swift in Sources */ = {isa = PBXBuildFile; fileRef = A988C1631F1F3955007A1F62 /* ItemTableViewCell.swift */; };
/* End PBXBuildFile section */

/* Begin PBXContainerItemProxy section */
		A988C14F1F1F315D007A1F62 /* PBXContainerItemProxy */ = {
			isa = PBXContainerItemProxy;
			containerPortal = A988C1321F1F315D007A1F62 /* Project object */;
			proxyType = 1;
			remoteGlobalIDString = A988C1391F1F315D007A1F62;
			remoteInfo = Checklist;
		};
/* End PBXContainerItemProxy section */

/* Begin PBXFileReference section */
		A94CAE571F209750005B7E1D /* ItemNest.swift */ = {isa = PBXFileReference; fileEncoding = 4; lastKnownFileType = sourcecode.swift; path = ItemNest.swift; sourceTree = "<group>"; };
		A988C13A1F1F315D007A1F62 /* Checklist.app */ = {isa = PBXFileReference; explicitFileType = wrapper.application; includeInIndex = 0; path = Checklist.app; sourceTree = BUILT_PRODUCTS_DIR; };
		A988C13D1F1F315D007A1F62 /* AppDelegate.swift */ = {isa = PBXFileReference; lastKnownFileType = sourcecode.swift; path = AppDelegate.swift; sourceTree = "<group>"; };
		A988C13F1F1F315D007A1F62 /* ViewController.swift */ = {isa = PBXFileReference; lastKnownFileType = sourcecode.swift; path = ViewController.swift; sourceTree = "<group>"; };
		A988C1421F1F315D007A1F62 /* Base */ = {isa = PBXFileReference; lastKnownFileType = file.storyboard; name = Base; path = Base.lproj/Main.storyboard; sourceTree = "<group>"; };
		A988C1441F1F315D007A1F62 /* Assets.xcassets */ = {isa = PBXFileReference; lastKnownFileType = folder.assetcatalog; path = Assets.xcassets; sourceTree = "<group>"; };
		A988C1471F1F315D007A1F62 /* Base */ = {isa = PBXFileReference; lastKnownFileType = file.storyboard; name = Base; path = Base.lproj/LaunchScreen.storyboard; sourceTree = "<group>"; };
		A988C1491F1F315D007A1F62 /* Info.plist */ = {isa = PBXFileReference; lastKnownFileType = text.plist.xml; path = Info.plist; sourceTree = "<group>"; };
		A988C14E1F1F315D007A1F62 /* ChecklistTests.xctest */ = {isa = PBXFileReference; explicitFileType = wrapper.cfbundle; includeInIndex = 0; path = ChecklistTests.xctest; sourceTree = BUILT_PRODUCTS_DIR; };
		A988C1521F1F315D007A1F62 /* ChecklistTests.swift */ = {isa = PBXFileReference; lastKnownFileType = sourcecode.swift; path = ChecklistTests.swift; sourceTree = "<group>"; };
		A988C1541F1F315D007A1F62 /* Info.plist */ = {isa = PBXFileReference; lastKnownFileType = text.plist.xml; path = Info.plist; sourceTree = "<group>"; };
		A988C15F1F1F35FC007A1F62 /* MainTableViewController.swift */ = {isa = PBXFileReference; fileEncoding = 4; lastKnownFileType = sourcecode.swift; path = MainTableViewController.swift; sourceTree = "<group>"; };
		A988C1631F1F3955007A1F62 /* ItemTableViewCell.swift */ = {isa = PBXFileReference; fileEncoding = 4; lastKnownFileType = sourcecode.swift; name = ItemTableViewCell.swift; path = ../ItemTableViewCell.swift; sourceTree = "<group>"; };
/* End PBXFileReference section */

/* Begin PBXFrameworksBuildPhase section */
		A988C1371F1F315D007A1F62 /* Frameworks */ = {
			isa = PBXFrameworksBuildPhase;
			buildActionMask = 2147483647;
			files = (
			);
			runOnlyForDeploymentPostprocessing = 0;
		};
		A988C14B1F1F315D007A1F62 /* Frameworks */ = {
			isa = PBXFrameworksBuildPhase;
			buildActionMask = 2147483647;
			files = (
			);
			runOnlyForDeploymentPostprocessing = 0;
		};
/* End PBXFrameworksBuildPhase section */

/* Begin PBXGroup section */
		A988C1311F1F315D007A1F62 = {
			isa = PBXGroup;
			children = (
				A988C13C1F1F315D007A1F62 /* Checklist */,
				A988C1511F1F315D007A1F62 /* ChecklistTests */,
				A988C13B1F1F315D007A1F62 /* Products */,
			);
			sourceTree = "<group>";
		};
		A988C13B1F1F315D007A1F62 /* Products */ = {
			isa = PBXGroup;
			children = (
				A988C13A1F1F315D007A1F62 /* Checklist.app */,
				A988C14E1F1F315D007A1F62 /* ChecklistTests.xctest */,
			);
			name = Products;
			sourceTree = "<group>";
		};
		A988C13C1F1F315D007A1F62 /* Checklist */ = {
			isa = PBXGroup;
			children = (
				A988C13D1F1F315D007A1F62 /* AppDelegate.swift */,
				A988C1631F1F3955007A1F62 /* ItemTableViewCell.swift */,
				A988C13F1F1F315D007A1F62 /* ViewController.swift */,
				A988C1411F1F315D007A1F62 /* Main.storyboard */,
				A94CAE571F209750005B7E1D /* ItemNest.swift */,
				A988C15F1F1F35FC007A1F62 /* MainTableViewController.swift */,
				A988C1441F1F315D007A1F62 /* Assets.xcassets */,
				A988C1461F1F315D007A1F62 /* LaunchScreen.storyboard */,
				A988C1491F1F315D007A1F62 /* Info.plist */,
			);
			path = Checklist;
			sourceTree = "<group>";
		};
		A988C1511F1F315D007A1F62 /* ChecklistTests */ = {
			isa = PBXGroup;
			children = (
				A988C1521F1F315D007A1F62 /* ChecklistTests.swift */,
				A988C1541F1F315D007A1F62 /* Info.plist */,
			);
			path = ChecklistTests;
			sourceTree = "<group>";
		};
/* End PBXGroup section */

/* Begin PBXNativeTarget section */
		A988C1391F1F315D007A1F62 /* Checklist */ = {
			isa = PBXNativeTarget;
			buildConfigurationList = A988C1571F1F315D007A1F62 /* Build configuration list for PBXNativeTarget "Checklist" */;
			buildPhases = (
				A988C1361F1F315D007A1F62 /* Sources */,
				A988C1371F1F315D007A1F62 /* Frameworks */,
				A988C1381F1F315D007A1F62 /* Resources */,
			);
			buildRules = (
			);
			dependencies = (
			);
			name = Checklist;
			productName = Checklist;
			productReference = A988C13A1F1F315D007A1F62 /* Checklist.app */;
			productType = "com.apple.product-type.application";
		};
		A988C14D1F1F315D007A1F62 /* ChecklistTests */ = {
			isa = PBXNativeTarget;
			buildConfigurationList = A988C15A1F1F315D007A1F62 /* Build configuration list for PBXNativeTarget "ChecklistTests" */;
			buildPhases = (
				A988C14A1F1F315D007A1F62 /* Sources */,
				A988C14B1F1F315D007A1F62 /* Frameworks */,
				A988C14C1F1F315D007A1F62 /* Resources */,
			);
			buildRules = (
			);
			dependencies = (
				A988C1501F1F315D007A1F62 /* PBXTargetDependency */,
			);
			name = ChecklistTests;
			productName = ChecklistTests;
			productReference = A988C14E1F1F315D007A1F62 /* ChecklistTests.xctest */;
			productType = "com.apple.product-type.bundle.unit-test";
		};
/* End PBXNativeTarget section */

/* Begin PBXProject section */
		A988C1321F1F315D007A1F62 /* Project object */ = {
			isa = PBXProject;
			attributes = {
				LastSwiftUpdateCheck = 0830;
				LastUpgradeCheck = 0830;
				ORGANIZATIONNAME = "Emily Chang";
				TargetAttributes = {
					A988C1391F1F315D007A1F62 = {
						CreatedOnToolsVersion = 8.3.3;
						ProvisioningStyle = Automatic;
					};
					A988C14D1F1F315D007A1F62 = {
						CreatedOnToolsVersion = 8.3.3;
						ProvisioningStyle = Automatic;
						TestTargetID = A988C1391F1F315D007A1F62;
					};
				};
			};
			buildConfigurationList = A988C1351F1F315D007A1F62 /* Build configuration list for PBXProject "Checklist" */;
			compatibilityVersion = "Xcode 3.2";
			developmentRegion = English;
			hasScannedForEncodings = 0;
			knownRegions = (
				en,
				Base,
			);
			mainGroup = A988C1311F1F315D007A1F62;
			productRefGroup = A988C13B1F1F315D007A1F62 /* Products */;
			projectDirPath = "";
			projectRoot = "";
			targets = (
				A988C1391F1F315D007A1F62 /* Checklist */,
				A988C14D1F1F315D007A1F62 /* ChecklistTests */,
			);
		};
/* End PBXProject section */

/* Begin PBXResourcesBuildPhase section */
		A988C1381F1F315D007A1F62 /* Resources */ = {
			isa = PBXResourcesBuildPhase;
			buildActionMask = 2147483647;
			files = (
				A988C1481F1F315D007A1F62 /* LaunchScreen.storyboard in Resources */,
				A988C1451F1F315D007A1F62 /* Assets.xcassets in Resources */,
				A988C1431F1F315D007A1F62 /* Main.storyboard in Resources */,
			);
			runOnlyForDeploymentPostprocessing = 0;
		};
		A988C14C1F1F315D007A1F62 /* Resources */ = {
			isa = PBXResourcesBuildPhase;
			buildActionMask = 2147483647;
			files = (
			);
			runOnlyForDeploymentPostprocessing = 0;
		};
/* End PBXResourcesBuildPhase section */

/* Begin PBXSourcesBuildPhase section */
		A988C1361F1F315D007A1F62 /* Sources */ = {
			isa = PBXSourcesBuildPhase;
			buildActionMask = 2147483647;
			files = (
				A988C1641F1F3955007A1F62 /* ItemTableViewCell.swift in Sources */,
				A988C1401F1F315D007A1F62 /* ViewController.swift in Sources */,
				A94CAE581F209750005B7E1D /* ItemNest.swift in Sources */,
				A988C1601F1F35FC007A1F62 /* MainTableViewController.swift in Sources */,
				A988C13E1F1F315D007A1F62 /* AppDelegate.swift in Sources */,
			);
			runOnlyForDeploymentPostprocessing = 0;
		};
		A988C14A1F1F315D007A1F62 /* Sources */ = {
			isa = PBXSourcesBuildPhase;
			buildActionMask = 2147483647;
			files = (
				A988C1531F1F315D007A1F62 /* ChecklistTests.swift in Sources */,
			);
			runOnlyForDeploymentPostprocessing = 0;
		};
/* End PBXSourcesBuildPhase section */

/* Begin PBXTargetDependency section */
		A988C1501F1F315D007A1F62 /* PBXTargetDependency */ = {
			isa = PBXTargetDependency;
			target = A988C1391F1F315D007A1F62 /* Checklist */;
			targetProxy = A988C14F1F1F315D007A1F62 /* PBXContainerItemProxy */;
		};
/* End PBXTargetDependency section */

/* Begin PBXVariantGroup section */
		A988C1411F1F315D007A1F62 /* Main.storyboard */ = {
			isa = PBXVariantGroup;
			children = (
				A988C1421F1F315D007A1F62 /* Base */,
			);
			name = Main.storyboard;
			sourceTree = "<group>";
		};
		A988C1461F1F315D007A1F62 /* LaunchScreen.storyboard */ = {
			isa = PBXVariantGroup;
			children = (
				A988C1471F1F315D007A1F62 /* Base */,
			);
			name = LaunchScreen.storyboard;
			sourceTree = "<group>";
		};
/* End PBXVariantGroup section */

/* Begin XCBuildConfiguration section */
		A988C1551F1F315D007A1F62 /* Debug */ = {
			isa = XCBuildConfiguration;
			buildSettings = {
				ALWAYS_SEARCH_USER_PATHS = NO;
				CLANG_ANALYZER_NONNULL = YES;
				CLANG_ANALYZER_NUMBER_OBJECT_CONVERSION = YES_AGGRESSIVE;
				CLANG_CXX_LANGUAGE_STANDARD = "gnu++0x";
				CLANG_CXX_LIBRARY = "libc++";
				CLANG_ENABLE_MODULES = YES;
				CLANG_ENABLE_OBJC_ARC = YES;
				CLANG_WARN_BOOL_CONVERSION = YES;
				CLANG_WARN_CONSTANT_CONVERSION = YES;
				CLANG_WARN_DIRECT_OBJC_ISA_USAGE = YES_ERROR;
				CLANG_WARN_DOCUMENTATION_COMMENTS = YES;
				CLANG_WARN_EMPTY_BODY = YES;
				CLANG_WARN_ENUM_CONVERSION = YES;
				CLANG_WARN_INFINITE_RECURSION = YES;
				CLANG_WARN_INT_CONVERSION = YES;
				CLANG_WARN_OBJC_ROOT_CLASS = YES_ERROR;
				CLANG_WARN_SUSPICIOUS_MOVE = YES;
				CLANG_WARN_UNREACHABLE_CODE = YES;
				CLANG_WARN__DUPLICATE_METHOD_MATCH = YES;
				"CODE_SIGN_IDENTITY[sdk=iphoneos*]" = "iPhone Developer";
				COPY_PHASE_STRIP = NO;
				DEBUG_INFORMATION_FORMAT = dwarf;
				ENABLE_STRICT_OBJC_MSGSEND = YES;
				ENABLE_TESTABILITY = YES;
				GCC_C_LANGUAGE_STANDARD = gnu99;
				GCC_DYNAMIC_NO_PIC = NO;
				GCC_NO_COMMON_BLOCKS = YES;
				GCC_OPTIMIZATION_LEVEL = 0;
				GCC_PREPROCESSOR_DEFINITIONS = (
					"DEBUG=1",
					"$(inherited)",
				);
				GCC_WARN_64_TO_32_BIT_CONVERSION = YES;
				GCC_WARN_ABOUT_RETURN_TYPE = YES_ERROR;
				GCC_WARN_UNDECLARED_SELECTOR = YES;
				GCC_WARN_UNINITIALIZED_AUTOS = YES_AGGRESSIVE;
				GCC_WARN_UNUSED_FUNCTION = YES;
				GCC_WARN_UNUSED_VARIABLE = YES;
				IPHONEOS_DEPLOYMENT_TARGET = 10.3;
				MTL_ENABLE_DEBUG_INFO = YES;
				ONLY_ACTIVE_ARCH = YES;
				SDKROOT = iphoneos;
				SWIFT_ACTIVE_COMPILATION_CONDITIONS = DEBUG;
				SWIFT_OPTIMIZATION_LEVEL = "-Onone";
				TARGETED_DEVICE_FAMILY = "1,2";
			};
			name = Debug;
		};
		A988C1561F1F315D007A1F62 /* Release */ = {
			isa = XCBuildConfiguration;
			buildSettings = {
				ALWAYS_SEARCH_USER_PATHS = NO;
				CLANG_ANALYZER_NONNULL = YES;
				CLANG_ANALYZER_NUMBER_OBJECT_CONVERSION = YES_AGGRESSIVE;
				CLANG_CXX_LANGUAGE_STANDARD = "gnu++0x";
				CLANG_CXX_LIBRARY = "libc++";
				CLANG_ENABLE_MODULES = YES;
				CLANG_ENABLE_OBJC_ARC = YES;
				CLANG_WARN_BOOL_CONVERSION = YES;
				CLANG_WARN_CONSTANT_CONVERSION = YES;
				CLANG_WARN_DIRECT_OBJC_ISA_USAGE = YES_ERROR;
				CLANG_WARN_DOCUMENTATION_COMMENTS = YES;
				CLANG_WARN_EMPTY_BODY = YES;
				CLANG_WARN_ENUM_CONVERSION = YES;
				CLANG_WARN_INFINITE_RECURSION = YES;
				CLANG_WARN_INT_CONVERSION = YES;
				CLANG_WARN_OBJC_ROOT_CLASS = YES_ERROR;
				CLANG_WARN_SUSPICIOUS_MOVE = YES;
				CLANG_WARN_UNREACHABLE_CODE = YES;
				CLANG_WARN__DUPLICATE_METHOD_MATCH = YES;
				"CODE_SIGN_IDENTITY[sdk=iphoneos*]" = "iPhone Developer";
				COPY_PHASE_STRIP = NO;
				DEBUG_INFORMATION_FORMAT = "dwarf-with-dsym";
				ENABLE_NS_ASSERTIONS = NO;
				ENABLE_STRICT_OBJC_MSGSEND = YES;
				GCC_C_LANGUAGE_STANDARD = gnu99;
				GCC_NO_COMMON_BLOCKS = YES;
				GCC_WARN_64_TO_32_BIT_CONVERSION = YES;
				GCC_WARN_ABOUT_RETURN_TYPE = YES_ERROR;
				GCC_WARN_UNDECLARED_SELECTOR = YES;
				GCC_WARN_UNINITIALIZED_AUTOS = YES_AGGRESSIVE;
				GCC_WARN_UNUSED_FUNCTION = YES;
				GCC_WARN_UNUSED_VARIABLE = YES;
				IPHONEOS_DEPLOYMENT_TARGET = 10.3;
				MTL_ENABLE_DEBUG_INFO = NO;
				SDKROOT = iphoneos;
				SWIFT_OPTIMIZATION_LEVEL = "-Owholemodule";
				TARGETED_DEVICE_FAMILY = "1,2";
				VALIDATE_PRODUCT = YES;
			};
			name = Release;
		};
		A988C1581F1F315D007A1F62 /* Debug */ = {
			isa = XCBuildConfiguration;
			buildSettings = {
				ASSETCATALOG_COMPILER_APPICON_NAME = AppIcon;
				INFOPLIST_FILE = Checklist/Info.plist;
				LD_RUNPATH_SEARCH_PATHS = "$(inherited) @executable_path/Frameworks";
				PRODUCT_BUNDLE_IDENTIFIER = "Emily-Chang.Checklist";
				PRODUCT_NAME = "$(TARGET_NAME)";
				SWIFT_VERSION = 3.0;
			};
			name = Debug;
		};
		A988C1591F1F315D007A1F62 /* Release */ = {
			isa = XCBuildConfiguration;
			buildSettings = {
				ASSETCATALOG_COMPILER_APPICON_NAME = AppIcon;
				INFOPLIST_FILE = Checklist/Info.plist;
				LD_RUNPATH_SEARCH_PATHS = "$(inherited) @executable_path/Frameworks";
				PRODUCT_BUNDLE_IDENTIFIER = "Emily-Chang.Checklist";
				PRODUCT_NAME = "$(TARGET_NAME)";
				SWIFT_VERSION = 3.0;
			};
			name = Release;
		};
		A988C15B1F1F315D007A1F62 /* Debug */ = {
			isa = XCBuildConfiguration;
			buildSettings = {
				ALWAYS_EMBED_SWIFT_STANDARD_LIBRARIES = YES;
				BUNDLE_LOADER = "$(TEST_HOST)";
				INFOPLIST_FILE = ChecklistTests/Info.plist;
				LD_RUNPATH_SEARCH_PATHS = "$(inherited) @executable_path/Frameworks @loader_path/Frameworks";
				PRODUCT_BUNDLE_IDENTIFIER = "Emily-Chang.ChecklistTests";
				PRODUCT_NAME = "$(TARGET_NAME)";
				SWIFT_VERSION = 3.0;
				TEST_HOST = "$(BUILT_PRODUCTS_DIR)/Checklist.app/Checklist";
			};
			name = Debug;
		};
		A988C15C1F1F315D007A1F62 /* Release */ = {
			isa = XCBuildConfiguration;
			buildSettings = {
				ALWAYS_EMBED_SWIFT_STANDARD_LIBRARIES = YES;
				BUNDLE_LOADER = "$(TEST_HOST)";
				INFOPLIST_FILE = ChecklistTests/Info.plist;
				LD_RUNPATH_SEARCH_PATHS = "$(inherited) @executable_path/Frameworks @loader_path/Frameworks";
				PRODUCT_BUNDLE_IDENTIFIER = "Emily-Chang.ChecklistTests";
				PRODUCT_NAME = "$(TARGET_NAME)";
				SWIFT_VERSION = 3.0;
				TEST_HOST = "$(BUILT_PRODUCTS_DIR)/Checklist.app/Checklist";
			};
			name = Release;
		};
/* End XCBuildConfiguration section */

/* Begin XCConfigurationList section */
		A988C1351F1F315D007A1F62 /* Build configuration list for PBXProject "Checklist" */ = {
			isa = XCConfigurationList;
			buildConfigurations = (
				A988C1551F1F315D007A1F62 /* Debug */,
				A988C1561F1F315D007A1F62 /* Release */,
			);
			defaultConfigurationIsVisible = 0;
			defaultConfigurationName = Release;
		};
		A988C1571F1F315D007A1F62 /* Build configuration list for PBXNativeTarget "Checklist" */ = {
			isa = XCConfigurationList;
			buildConfigurations = (
				A988C1581F1F315D007A1F62 /* Debug */,
				A988C1591F1F315D007A1F62 /* Release */,
			);
			defaultConfigurationIsVisible = 0;
			defaultConfigurationName = Release;
		};
		A988C15A1F1F315D007A1F62 /* Build configuration list for PBXNativeTarget "ChecklistTests" */ = {
			isa = XCConfigurationList;
			buildConfigurations = (
				A988C15B1F1F315D007A1F62 /* Debug */,
				A988C15C1F1F315D007A1F62 /* Release */,
			);
			defaultConfigurationIsVisible = 0;
			defaultConfigurationName = Release;
		};
/* End XCConfigurationList section */
	};
	rootObject = A988C1321F1F315D007A1F62 /* Project object */;
}
